
Microsoft Visual Studio Solution File, Format Version 12.00
# Visual Studio Version 17
VisualStudioVersion = 17.1.32210.238
MinimumVisualStudioVersion = 10.0.40219.1
Project("{FAE04EC0-301F-11D3-BF4B-00C04F79EFBC}") = "SEDC.Exercises.Class01.App1", "SEDC.Exercises.Class01.App1\SEDC.Exercises.Class01.App1.csproj", "{64B528E6-96CB-488D-BC61-0F061AE0BBB6}"
EndProject
Project("{FAE04EC0-301F-11D3-BF4B-00C04F79EFBC}") = "SEDC.Exercises.Stars", "SEDC.Exercises.Stars\SEDC.Exercises.Stars.csproj", "{C4791619-FB3D-48E7-A2F0-E6BA3132EB83}"
EndProject
Project("{FAE04EC0-301F-11D3-BF4B-00C04F79EFBC}") = "SEDC.Exercises.character", "SEDC.Exercises.character\SEDC.Exercises.character.csproj", "{0F75E715-AD78-4E5E-BE0A-23F56EE0C88B}"
EndProject
Global
	GlobalSection(SolutionConfigurationPlatforms) = preSolution
		Debug|Any CPU = Debug|Any CPU
		Release|Any CPU = Release|Any CPU
	EndGlobalSection
	GlobalSection(ProjectConfigurationPlatforms) = postSolution
		{64B528E6-96CB-488D-BC61-0F061AE0BBB6}.Debug|Any CPU.ActiveCfg = Debug|Any CPU
		{64B528E6-96CB-488D-BC61-0F061AE0BBB6}.Debug|Any CPU.Build.0 = Debug|Any CPU
		{64B528E6-96CB-488D-BC61-0F061AE0BBB6}.Release|Any CPU.ActiveCfg = Release|Any CPU
		{64B528E6-96CB-488D-BC61-0F061AE0BBB6}.Release|Any CPU.Build.0 = Release|Any CPU
		{C4791619-FB3D-48E7-A2F0-E6BA3132EB83}.Debug|Any CPU.ActiveCfg = Debug|Any CPU
		{C4791619-FB3D-48E7-A2F0-E6BA3132EB83}.Debug|Any CPU.Build.0 = Debug|Any CPU
		{C4791619-FB3D-48E7-A2F0-E6BA3132EB83}.Release|Any CPU.ActiveCfg = Release|Any CPU
		{C4791619-FB3D-48E7-A2F0-E6BA3132EB83}.Release|Any CPU.Build.0 = Release|Any CPU
		{0F75E715-AD78-4E5E-BE0A-23F56EE0C88B}.Debug|Any CPU.ActiveCfg = Debug|Any CPU
		{0F75E715-AD78-4E5E-BE0A-23F56EE0C88B}.Debug|Any CPU.Build.0 = Debug|Any CPU
		{0F75E715-AD78-4E5E-BE0A-23F56EE0C88B}.Release|Any CPU.ActiveCfg = Release|Any CPU
		{0F75E715-AD78-4E5E-BE0A-23F56EE0C88B}.Release|Any CPU.Build.0 = Release|Any CPU
	EndGlobalSection
	GlobalSection(SolutionProperties) = preSolution
		HideSolutionNode = FALSE
	EndGlobalSection
	GlobalSection(ExtensibilityGlobals) = postSolution
		SolutionGuid = {53E4488F-A778-44A0-982F-680C7BC57B89}
	EndGlobalSection
EndGlobal
