
Microsoft Visual Studio Solution File, Format Version 12.00
# Visual Studio Version 16
VisualStudioVersion = 16.0.32126.315
MinimumVisualStudioVersion = 10.0.40219.1
Project("{9A19103F-16F7-4668-BE54-9A1E7A4F7556}") = "SEDC.Oop.Class03.loops", "SEDC.Oop.Class03.loops\SEDC.Oop.Class03.loops.csproj", "{C95DEAED-61A2-48B6-8BE5-D53B7B899EC4}"
EndProject
Project("{FAE04EC0-301F-11D3-BF4B-00C04F79EFBC}") = "SEDC.Oop.class03.Exercises", "SEDC.Oop.class02.Exercises\SEDC.Oop.class03.Exercises.csproj", "{AD6208F0-E473-4D50-8024-38FB6AADC73B}"
EndProject
Project("{FAE04EC0-301F-11D3-BF4B-00C04F79EFBC}") = "SEDC.Oop.Class03.Arrays", "SEDC.Oop.Class03.Arrays\SEDC.Oop.Class03.Arrays.csproj", "{E109B656-313F-497D-A70D-EEBFD5AAB6F4}"
EndProject
Project("{FAE04EC0-301F-11D3-BF4B-00C04F79EFBC}") = "SEDC.Oop.Class03.Exercises.Arrays", "SEDC.Oop.Class03.Exercises.Arrays\SEDC.Oop.Class03.Exercises.Arrays.csproj", "{EFC38290-99C4-4909-AF9F-52CD60D52ACA}"
EndProject
Global
	GlobalSection(SolutionConfigurationPlatforms) = preSolution
		Debug|Any CPU = Debug|Any CPU
		Release|Any CPU = Release|Any CPU
	EndGlobalSection
	GlobalSection(ProjectConfigurationPlatforms) = postSolution
		{C95DEAED-61A2-48B6-8BE5-D53B7B899EC4}.Debug|Any CPU.ActiveCfg = Debug|Any CPU
		{C95DEAED-61A2-48B6-8BE5-D53B7B899EC4}.Debug|Any CPU.Build.0 = Debug|Any CPU
		{C95DEAED-61A2-48B6-8BE5-D53B7B899EC4}.Release|Any CPU.ActiveCfg = Release|Any CPU
		{C95DEAED-61A2-48B6-8BE5-D53B7B899EC4}.Release|Any CPU.Build.0 = Release|Any CPU
		{AD6208F0-E473-4D50-8024-38FB6AADC73B}.Debug|Any CPU.ActiveCfg = Debug|Any CPU
		{AD6208F0-E473-4D50-8024-38FB6AADC73B}.Debug|Any CPU.Build.0 = Debug|Any CPU
		{AD6208F0-E473-4D50-8024-38FB6AADC73B}.Release|Any CPU.ActiveCfg = Release|Any CPU
		{AD6208F0-E473-4D50-8024-38FB6AADC73B}.Release|Any CPU.Build.0 = Release|Any CPU
		{E109B656-313F-497D-A70D-EEBFD5AAB6F4}.Debug|Any CPU.ActiveCfg = Debug|Any CPU
		{E109B656-313F-497D-A70D-EEBFD5AAB6F4}.Debug|Any CPU.Build.0 = Debug|Any CPU
		{E109B656-313F-497D-A70D-EEBFD5AAB6F4}.Release|Any CPU.ActiveCfg = Release|Any CPU
		{E109B656-313F-497D-A70D-EEBFD5AAB6F4}.Release|Any CPU.Build.0 = Release|Any CPU
		{EFC38290-99C4-4909-AF9F-52CD60D52ACA}.Debug|Any CPU.ActiveCfg = Debug|Any CPU
		{EFC38290-99C4-4909-AF9F-52CD60D52ACA}.Debug|Any CPU.Build.0 = Debug|Any CPU
		{EFC38290-99C4-4909-AF9F-52CD60D52ACA}.Release|Any CPU.ActiveCfg = Release|Any CPU
		{EFC38290-99C4-4909-AF9F-52CD60D52ACA}.Release|Any CPU.Build.0 = Release|Any CPU
	EndGlobalSection
	GlobalSection(SolutionProperties) = preSolution
		HideSolutionNode = FALSE
	EndGlobalSection
	GlobalSection(ExtensibilityGlobals) = postSolution
		SolutionGuid = {EBB6F1FB-1403-4AEF-A661-7F3B8263D497}
	EndGlobalSection
EndGlobal
