
Microsoft Visual Studio Solution File, Format Version 12.00
# Visual Studio Version 16
VisualStudioVersion = 16.0.32126.315
MinimumVisualStudioVersion = 10.0.40219.1
Project("{9A19103F-16F7-4668-BE54-9A1E7A4F7556}") = "Class05.ExtraHomework", "Class05.ExtraHomework\Class05.ExtraHomework.csproj", "{065B9693-7ABF-45AF-88AD-609AF4AD1186}"
EndProject
Global
	GlobalSection(SolutionConfigurationPlatforms) = preSolution
		Debug|Any CPU = Debug|Any CPU
		Release|Any CPU = Release|Any CPU
	EndGlobalSection
	GlobalSection(ProjectConfigurationPlatforms) = postSolution
		{065B9693-7ABF-45AF-88AD-609AF4AD1186}.Debug|Any CPU.ActiveCfg = Debug|Any CPU
		{065B9693-7ABF-45AF-88AD-609AF4AD1186}.Debug|Any CPU.Build.0 = Debug|Any CPU
		{065B9693-7ABF-45AF-88AD-609AF4AD1186}.Release|Any CPU.ActiveCfg = Release|Any CPU
		{065B9693-7ABF-45AF-88AD-609AF4AD1186}.Release|Any CPU.Build.0 = Release|Any CPU
	EndGlobalSection
	GlobalSection(SolutionProperties) = preSolution
		HideSolutionNode = FALSE
	EndGlobalSection
	GlobalSection(ExtensibilityGlobals) = postSolution
		SolutionGuid = {FB9EAF57-E3AC-4269-845E-F5FF268FEB17}
	EndGlobalSection
EndGlobal
